
Microsoft Visual Studio Solution File, Format Version 12.00
# Visual Studio Version 16
VisualStudioVersion = 16.0.34114.132
MinimumVisualStudioVersion = 10.0.40219.1
Project("{888888A0-9F3D-457C-B088-3A5042F75D52}") = "Temperature", "Temperature\Temperature.pyproj", "{3AC7B420-8C3F-4795-BE6F-B265C62A4D32}"
EndProject
Global
	GlobalSection(SolutionConfigurationPlatforms) = preSolution
		Debug|Any CPU = Debug|Any CPU
		Release|Any CPU = Release|Any CPU
	EndGlobalSection
	GlobalSection(ProjectConfigurationPlatforms) = postSolution
		{3AC7B420-8C3F-4795-BE6F-B265C62A4D32}.Debug|Any CPU.ActiveCfg = Debug|Any CPU
		{3AC7B420-8C3F-4795-BE6F-B265C62A4D32}.Release|Any CPU.ActiveCfg = Release|Any CPU
	EndGlobalSection
	GlobalSection(SolutionProperties) = preSolution
		HideSolutionNode = FALSE
	EndGlobalSection
	GlobalSection(ExtensibilityGlobals) = postSolution
		SolutionGuid = {01BA5AEA-FD83-48D9-A29A-C38C5CEAF8B8}
	EndGlobalSection
EndGlobal
